
Microsoft Visual Studio Solution File, Format Version 12.00
# Visual Studio Version 16
VisualStudioVersion = 16.0.33801.447
MinimumVisualStudioVersion = 10.0.40219.1
Project("{FAE04EC0-301F-11D3-BF4B-00C04F79EFBC}") = "Inventory_System", "Inventory_System\Inventory_System.csproj", "{9C52064B-35CA-4D46-85F2-84E2428424FE}"
EndProject
Project("{FAE04EC0-301F-11D3-BF4B-00C04F79EFBC}") = "DBFrameworks", "..\DBFrameworks\DBFrameworks\DBFrameworks.csproj", "{90F933CD-1023-4A46-A1D4-7DAE863D81DA}"
EndProject
Global
	GlobalSection(SolutionConfigurationPlatforms) = preSolution
		Debug|Any CPU = Debug|Any CPU
		Release|Any CPU = Release|Any CPU
	EndGlobalSection
	GlobalSection(ProjectConfigurationPlatforms) = postSolution
		{9C52064B-35CA-4D46-85F2-84E2428424FE}.Debug|Any CPU.ActiveCfg = Debug|Any CPU
		{9C52064B-35CA-4D46-85F2-84E2428424FE}.Debug|Any CPU.Build.0 = Debug|Any CPU
		{9C52064B-35CA-4D46-85F2-84E2428424FE}.Release|Any CPU.ActiveCfg = Release|Any CPU
		{9C52064B-35CA-4D46-85F2-84E2428424FE}.Release|Any CPU.Build.0 = Release|Any CPU
		{90F933CD-1023-4A46-A1D4-7DAE863D81DA}.Debug|Any CPU.ActiveCfg = Debug|Any CPU
		{90F933CD-1023-4A46-A1D4-7DAE863D81DA}.Debug|Any CPU.Build.0 = Debug|Any CPU
		{90F933CD-1023-4A46-A1D4-7DAE863D81DA}.Release|Any CPU.ActiveCfg = Release|Any CPU
		{90F933CD-1023-4A46-A1D4-7DAE863D81DA}.Release|Any CPU.Build.0 = Release|Any CPU
	EndGlobalSection
	GlobalSection(SolutionProperties) = preSolution
		HideSolutionNode = FALSE
	EndGlobalSection
	GlobalSection(ExtensibilityGlobals) = postSolution
		SolutionGuid = {BE2D7FA2-B471-4293-8398-B2658232404B}
	EndGlobalSection
EndGlobal
